// !$*UTF8*$!
{
	archiveVersion = 1;
	classes = {
	};
	objectVersion = 46;
	objects = {

/* Begin PBXBuildFile section */
		21F8F385194DB895003115CD /* AppDelegate.swift in Sources */ = {isa = PBXBuildFile; fileRef = 21F8F384194DB895003115CD /* AppDelegate.swift */; };
		21F8F387194DB895003115CD /* ViewController.swift in Sources */ = {isa = PBXBuildFile; fileRef = 21F8F386194DB895003115CD /* ViewController.swift */; };
		21F8F38A194DB895003115CD /* Main.storyboard in Resources */ = {isa = PBXBuildFile; fileRef = 21F8F388194DB895003115CD /* Main.storyboard */; };
		21F8F38C194DB895003115CD /* Images.xcassets in Resources */ = {isa = PBXBuildFile; fileRef = 21F8F38B194DB895003115CD /* Images.xcassets */; };
		21F8F398194DB895003115CD /* TimerTests.swift in Sources */ = {isa = PBXBuildFile; fileRef = 21F8F397194DB895003115CD /* TimerTests.swift */; };
/* End PBXBuildFile section */

/* Begin PBXContainerItemProxy section */
		21F8F392194DB895003115CD /* PBXContainerItemProxy */ = {
			isa = PBXContainerItemProxy;
			containerPortal = 21F8F377194DB895003115CD /* Project object */;
			proxyType = 1;
			remoteGlobalIDString = 21F8F37E194DB895003115CD;
			remoteInfo = Timer;
		};
/* End PBXContainerItemProxy section */

/* Begin PBXFileReference section */
		21F8F37F194DB895003115CD /* Timer.app */ = {isa = PBXFileReference; explicitFileType = wrapper.application; includeInIndex = 0; path = Timer.app; sourceTree = BUILT_PRODUCTS_DIR; };
		21F8F383194DB895003115CD /* Info.plist */ = {isa = PBXFileReference; lastKnownFileType = text.plist.xml; path = Info.plist; sourceTree = "<group>"; };
		21F8F384194DB895003115CD /* AppDelegate.swift */ = {isa = PBXFileReference; lastKnownFileType = sourcecode.swift; path = AppDelegate.swift; sourceTree = "<group>"; };
		21F8F386194DB895003115CD /* ViewController.swift */ = {isa = PBXFileReference; lastKnownFileType = sourcecode.swift; path = ViewController.swift; sourceTree = "<group>"; };
		21F8F389194DB895003115CD /* Base */ = {isa = PBXFileReference; lastKnownFileType = file.storyboard; name = Base; path = Base.lproj/Main.storyboard; sourceTree = "<group>"; };
		21F8F38B194DB895003115CD /* Images.xcassets */ = {isa = PBXFileReference; lastKnownFileType = folder.assetcatalog; path = Images.xcassets; sourceTree = "<group>"; };
		21F8F391194DB895003115CD /* TimerTests.xctest */ = {isa = PBXFileReference; explicitFileType = wrapper.cfbundle; includeInIndex = 0; path = TimerTests.xctest; sourceTree = BUILT_PRODUCTS_DIR; };
		21F8F396194DB895003115CD /* Info.plist */ = {isa = PBXFileReference; lastKnownFileType = text.plist.xml; path = Info.plist; sourceTree = "<group>"; };
		21F8F397194DB895003115CD /* TimerTests.swift */ = {isa = PBXFileReference; lastKnownFileType = sourcecode.swift; path = TimerTests.swift; sourceTree = "<group>"; };
/* End PBXFileReference section */

/* Begin PBXFrameworksBuildPhase section */
		21F8F37C194DB895003115CD /* Frameworks */ = {
			isa = PBXFrameworksBuildPhase;
			buildActionMask = 2147483647;
			files = (
			);
			runOnlyForDeploymentPostprocessing = 0;
		};
		21F8F38E194DB895003115CD /* Frameworks */ = {
			isa = PBXFrameworksBuildPhase;
			buildActionMask = 2147483647;
			files = (
			);
			runOnlyForDeploymentPostprocessing = 0;
		};
/* End PBXFrameworksBuildPhase section */

/* Begin PBXGroup section */
		21F8F376194DB895003115CD = {
			isa = PBXGroup;
			children = (
				21F8F381194DB895003115CD /* Timer */,
				21F8F394194DB895003115CD /* TimerTests */,
				21F8F380194DB895003115CD /* Products */,
			);
			sourceTree = "<group>";
		};
		21F8F380194DB895003115CD /* Products */ = {
			isa = PBXGroup;
			children = (
				21F8F37F194DB895003115CD /* Timer.app */,
				21F8F391194DB895003115CD /* TimerTests.xctest */,
			);
			name = Products;
			sourceTree = "<group>";
		};
		21F8F381194DB895003115CD /* Timer */ = {
			isa = PBXGroup;
			children = (
				21F8F384194DB895003115CD /* AppDelegate.swift */,
				21F8F386194DB895003115CD /* ViewController.swift */,
				21F8F388194DB895003115CD /* Main.storyboard */,
				21F8F38B194DB895003115CD /* Images.xcassets */,
				21F8F382194DB895003115CD /* Supporting Files */,
			);
			path = Timer;
			sourceTree = "<group>";
		};
		21F8F382194DB895003115CD /* Supporting Files */ = {
			isa = PBXGroup;
			children = (
				21F8F383194DB895003115CD /* Info.plist */,
			);
			name = "Supporting Files";
			sourceTree = "<group>";
		};
		21F8F394194DB895003115CD /* TimerTests */ = {
			isa = PBXGroup;
			children = (
				21F8F397194DB895003115CD /* TimerTests.swift */,
				21F8F395194DB895003115CD /* Supporting Files */,
			);
			path = TimerTests;
			sourceTree = "<group>";
		};
		21F8F395194DB895003115CD /* Supporting Files */ = {
			isa = PBXGroup;
			children = (
				21F8F396194DB895003115CD /* Info.plist */,
			);
			name = "Supporting Files";
			sourceTree = "<group>";
		};
/* End PBXGroup section */

/* Begin PBXNativeTarget section */
		21F8F37E194DB895003115CD /* Timer */ = {
			isa = PBXNativeTarget;
			buildConfigurationList = 21F8F39B194DB895003115CD /* Build configuration list for PBXNativeTarget "Timer" */;
			buildPhases = (
				21F8F37B194DB895003115CD /* Sources */,
				21F8F37C194DB895003115CD /* Frameworks */,
				21F8F37D194DB895003115CD /* Resources */,
			);
			buildRules = (
			);
			dependencies = (
			);
			name = Timer;
			productName = Timer;
			productReference = 21F8F37F194DB895003115CD /* Timer.app */;
			productType = "com.apple.product-type.application";
		};
		21F8F390194DB895003115CD /* TimerTests */ = {
			isa = PBXNativeTarget;
			buildConfigurationList = 21F8F39E194DB895003115CD /* Build configuration list for PBXNativeTarget "TimerTests" */;
			buildPhases = (
				21F8F38D194DB895003115CD /* Sources */,
				21F8F38E194DB895003115CD /* Frameworks */,
				21F8F38F194DB895003115CD /* Resources */,
			);
			buildRules = (
			);
			dependencies = (
				21F8F393194DB895003115CD /* PBXTargetDependency */,
			);
			name = TimerTests;
			productName = TimerTests;
			productReference = 21F8F391194DB895003115CD /* TimerTests.xctest */;
			productType = "com.apple.product-type.bundle.unit-test";
		};
/* End PBXNativeTarget section */

/* Begin PBXProject section */
		21F8F377194DB895003115CD /* Project object */ = {
			isa = PBXProject;
			attributes = {
				LastUpgradeCheck = 0600;
				ORGANIZATIONNAME = Mav3r1ck;
				TargetAttributes = {
					21F8F37E194DB895003115CD = {
						CreatedOnToolsVersion = 6.0;
					};
					21F8F390194DB895003115CD = {
						CreatedOnToolsVersion = 6.0;
						TestTargetID = 21F8F37E194DB895003115CD;
					};
				};
			};
			buildConfigurationList = 21F8F37A194DB895003115CD /* Build configuration list for PBXProject "Timer" */;
			compatibilityVersion = "Xcode 3.2";
			developmentRegion = English;
			hasScannedForEncodings = 0;
			knownRegions = (
				en,
				Base,
			);
			mainGroup = 21F8F376194DB895003115CD;
			productRefGroup = 21F8F380194DB895003115CD /* Products */;
			projectDirPath = "";
			projectRoot = "";
			targets = (
				21F8F37E194DB895003115CD /* Timer */,
				21F8F390194DB895003115CD /* TimerTests */,
			);
		};
/* End PBXProject section */

/* Begin PBXResourcesBuildPhase section */
		21F8F37D194DB895003115CD /* Resources */ = {
			isa = PBXResourcesBuildPhase;
			buildActionMask = 2147483647;
			files = (
				21F8F38A194DB895003115CD /* Main.storyboard in Resources */,
				21F8F38C194DB895003115CD /* Images.xcassets in Resources */,
			);
			runOnlyForDeploymentPostprocessing = 0;
		};
		21F8F38F194DB895003115CD /* Resources */ = {
			isa = PBXResourcesBuildPhase;
			buildActionMask = 2147483647;
			files = (
			);
			runOnlyForDeploymentPostprocessing = 0;
		};
/* End PBXResourcesBuildPhase section */

/* Begin PBXSourcesBuildPhase section */
		21F8F37B194DB895003115CD /* Sources */ = {
			isa = PBXSourcesBuildPhase;
			buildActionMask = 2147483647;
			files = (
				21F8F387194DB895003115CD /* ViewController.swift in Sources */,
				21F8F385194DB895003115CD /* AppDelegate.swift in Sources */,
			);
			runOnlyForDeploymentPostprocessing = 0;
		};
		21F8F38D194DB895003115CD /* Sources */ = {
			isa = PBXSourcesBuildPhase;
			buildActionMask = 2147483647;
			files = (
				21F8F398194DB895003115CD /* TimerTests.swift in Sources */,
			);
			runOnlyForDeploymentPostprocessing = 0;
		};
/* End PBXSourcesBuildPhase section */

/* Begin PBXTargetDependency section */
		21F8F393194DB895003115CD /* PBXTargetDependency */ = {
			isa = PBXTargetDependency;
			target = 21F8F37E194DB895003115CD /* Timer */;
			targetProxy = 21F8F392194DB895003115CD /* PBXContainerItemProxy */;
		};
/* End PBXTargetDependency section */

/* Begin PBXVariantGroup section */
		21F8F388194DB895003115CD /* Main.storyboard */ = {
			isa = PBXVariantGroup;
			children = (
				21F8F389194DB895003115CD /* Base */,
			);
			name = Main.storyboard;
			sourceTree = "<group>";
		};
/* End PBXVariantGroup section */

/* Begin XCBuildConfiguration section */
		21F8F399194DB895003115CD /* Debug */ = {
			isa = XCBuildConfiguration;
			buildSettings = {
				ALWAYS_SEARCH_USER_PATHS = NO;
				CLANG_CXX_LANGUAGE_STANDARD = "gnu++0x";
				CLANG_CXX_LIBRARY = "libc++";
				CLANG_ENABLE_MODULES = YES;
				CLANG_ENABLE_OBJC_ARC = YES;
				CLANG_WARN_BOOL_CONVERSION = YES;
				CLANG_WARN_CONSTANT_CONVERSION = YES;
				CLANG_WARN_DIRECT_OBJC_ISA_USAGE = YES_ERROR;
				CLANG_WARN_EMPTY_BODY = YES;
				CLANG_WARN_ENUM_CONVERSION = YES;
				CLANG_WARN_INT_CONVERSION = YES;
				CLANG_WARN_OBJC_ROOT_CLASS = YES_ERROR;
				CLANG_WARN_UNREACHABLE_CODE = YES;
				CLANG_WARN__DUPLICATE_METHOD_MATCH = YES;
				"CODE_SIGN_IDENTITY[sdk=iphoneos*]" = "iPhone Developer";
				COPY_PHASE_STRIP = NO;
				ENABLE_STRICT_OBJC_MSGSEND = YES;
				GCC_C_LANGUAGE_STANDARD = gnu99;
				GCC_DYNAMIC_NO_PIC = NO;
				GCC_OPTIMIZATION_LEVEL = 0;
				GCC_PREPROCESSOR_DEFINITIONS = (
					"DEBUG=1",
					"$(inherited)",
				);
				GCC_SYMBOLS_PRIVATE_EXTERN = NO;
				GCC_WARN_64_TO_32_BIT_CONVERSION = YES;
				GCC_WARN_ABOUT_RETURN_TYPE = YES_ERROR;
				GCC_WARN_UNDECLARED_SELECTOR = YES;
				GCC_WARN_UNINITIALIZED_AUTOS = YES_AGGRESSIVE;
				GCC_WARN_UNUSED_FUNCTION = YES;
				GCC_WARN_UNUSED_VARIABLE = YES;
				IPHONEOS_DEPLOYMENT_TARGET = 8.0;
				METAL_ENABLE_DEBUG_INFO = YES;
				ONLY_ACTIVE_ARCH = YES;
				SDKROOT = iphoneos;
				SWIFT_OPTIMIZATION_LEVEL = "-Onone";
			};
			name = Debug;
		};
		21F8F39A194DB895003115CD /* Release */ = {
			isa = XCBuildConfiguration;
			buildSettings = {
				ALWAYS_SEARCH_USER_PATHS = NO;
				CLANG_CXX_LANGUAGE_STANDARD = "gnu++0x";
				CLANG_CXX_LIBRARY = "libc++";
				CLANG_ENABLE_MODULES = YES;
				CLANG_ENABLE_OBJC_ARC = YES;
				CLANG_WARN_BOOL_CONVERSION = YES;
				CLANG_WARN_CONSTANT_CONVERSION = YES;
				CLANG_WARN_DIRECT_OBJC_ISA_USAGE = YES_ERROR;
				CLANG_WARN_EMPTY_BODY = YES;
				CLANG_WARN_ENUM_CONVERSION = YES;
				CLANG_WARN_INT_CONVERSION = YES;
				CLANG_WARN_OBJC_ROOT_CLASS = YES_ERROR;
				CLANG_WARN_UNREACHABLE_CODE = YES;
				CLANG_WARN__DUPLICATE_METHOD_MATCH = YES;
				"CODE_SIGN_IDENTITY[sdk=iphoneos*]" = "iPhone Developer";
				COPY_PHASE_STRIP = YES;
				ENABLE_NS_ASSERTIONS = NO;
				ENABLE_STRICT_OBJC_MSGSEND = YES;
				GCC_C_LANGUAGE_STANDARD = gnu99;
				GCC_WARN_64_TO_32_BIT_CONVERSION = YES;
				GCC_WARN_ABOUT_RETURN_TYPE = YES_ERROR;
				GCC_WARN_UNDECLARED_SELECTOR = YES;
				GCC_WARN_UNINITIALIZED_AUTOS = YES_AGGRESSIVE;
				GCC_WARN_UNUSED_FUNCTION = YES;
				GCC_WARN_UNUSED_VARIABLE = YES;
				IPHONEOS_DEPLOYMENT_TARGET = 8.0;
				METAL_ENABLE_DEBUG_INFO = NO;
				SDKROOT = iphoneos;
				VALIDATE_PRODUCT = YES;
			};
			name = Release;
		};
		21F8F39C194DB895003115CD /* Debug */ = {
			isa = XCBuildConfiguration;
			buildSettings = {
				ASSETCATALOG_COMPILER_APPICON_NAME = AppIcon;
				ASSETCATALOG_COMPILER_LAUNCHIMAGE_NAME = LaunchImage;
				INFOPLIST_FILE = Timer/Info.plist;
				LD_RUNPATH_SEARCH_PATHS = "$(inherited) @executable_path/Frameworks";
				PRODUCT_NAME = "$(TARGET_NAME)";
			};
			name = Debug;
		};
		21F8F39D194DB895003115CD /* Release */ = {
			isa = XCBuildConfiguration;
			buildSettings = {
				ASSETCATALOG_COMPILER_APPICON_NAME = AppIcon;
				ASSETCATALOG_COMPILER_LAUNCHIMAGE_NAME = LaunchImage;
				INFOPLIST_FILE = Timer/Info.plist;
				LD_RUNPATH_SEARCH_PATHS = "$(inherited) @executable_path/Frameworks";
				PRODUCT_NAME = "$(TARGET_NAME)";
			};
			name = Release;
		};
		21F8F39F194DB895003115CD /* Debug */ = {
			isa = XCBuildConfiguration;
			buildSettings = {
				BUNDLE_LOADER = "$(BUILT_PRODUCTS_DIR)/Timer.app/Timer";
				FRAMEWORK_SEARCH_PATHS = (
					"$(SDKROOT)/Developer/Library/Frameworks",
					"$(inherited)",
				);
				GCC_PREPROCESSOR_DEFINITIONS = (
					"DEBUG=1",
					"$(inherited)",
				);
				INFOPLIST_FILE = TimerTests/Info.plist;
				LD_RUNPATH_SEARCH_PATHS = "$(inherited) @executable_path/Frameworks @loader_path/Frameworks";
				METAL_ENABLE_DEBUG_INFO = YES;
				PRODUCT_NAME = "$(TARGET_NAME)";
				TEST_HOST = "$(BUNDLE_LOADER)";
			};
			name = Debug;
		};
		21F8F3A0194DB895003115CD /* Release */ = {
			isa = XCBuildConfiguration;
			buildSettings = {
				BUNDLE_LOADER = "$(BUILT_PRODUCTS_DIR)/Timer.app/Timer";
				FRAMEWORK_SEARCH_PATHS = (
					"$(SDKROOT)/Developer/Library/Frameworks",
					"$(inherited)",
				);
				INFOPLIST_FILE = TimerTests/Info.plist;
				LD_RUNPATH_SEARCH_PATHS = "$(inherited) @executable_path/Frameworks @loader_path/Frameworks";
				METAL_ENABLE_DEBUG_INFO = NO;
				PRODUCT_NAME = "$(TARGET_NAME)";
				TEST_HOST = "$(BUNDLE_LOADER)";
			};
			name = Release;
		};
/* End XCBuildConfiguration section */

/* Begin XCConfigurationList section */
		21F8F37A194DB895003115CD /* Build configuration list for PBXProject "Timer" */ = {
			isa = XCConfigurationList;
			buildConfigurations = (
				21F8F399194DB895003115CD /* Debug */,
				21F8F39A194DB895003115CD /* Release */,
			);
			defaultConfigurationIsVisible = 0;
			defaultConfigurationName = Release;
		};
		21F8F39B194DB895003115CD /* Build configuration list for PBXNativeTarget "Timer" */ = {
			isa = XCConfigurationList;
			buildConfigurations = (
				21F8F39C194DB895003115CD /* Debug */,
				21F8F39D194DB895003115CD /* Release */,
			);
			defaultConfigurationIsVisible = 0;
		};
		21F8F39E194DB895003115CD /* Build configuration list for PBXNativeTarget "TimerTests" */ = {
			isa = XCConfigurationList;
			buildConfigurations = (
				21F8F39F194DB895003115CD /* Debug */,
				21F8F3A0194DB895003115CD /* Release */,
			);
			defaultConfigurationIsVisible = 0;
		};
/* End XCConfigurationList section */
	};
	rootObject = 21F8F377194DB895003115CD /* Project object */;
}
